
Microsoft Visual Studio Solution File, Format Version 12.00
# Visual Studio Version 17
VisualStudioVersion = 17.1.32210.238
MinimumVisualStudioVersion = 10.0.40219.1
Project("{FAE04EC0-301F-11D3-BF4B-00C04F79EFBC}") = "SolitaAssignment", "SolitaAssignment.csproj", "{1FEC901C-3CEF-4C48-BCC3-1B3F33466A53}"
EndProject
Global
	GlobalSection(SolutionConfigurationPlatforms) = preSolution
		Debug|Any CPU = Debug|Any CPU
		Release|Any CPU = Release|Any CPU
	EndGlobalSection
	GlobalSection(ProjectConfigurationPlatforms) = postSolution
		{1FEC901C-3CEF-4C48-BCC3-1B3F33466A53}.Debug|Any CPU.ActiveCfg = Debug|Any CPU
		{1FEC901C-3CEF-4C48-BCC3-1B3F33466A53}.Debug|Any CPU.Build.0 = Debug|Any CPU
		{1FEC901C-3CEF-4C48-BCC3-1B3F33466A53}.Release|Any CPU.ActiveCfg = Release|Any CPU
		{1FEC901C-3CEF-4C48-BCC3-1B3F33466A53}.Release|Any CPU.Build.0 = Release|Any CPU
	EndGlobalSection
	GlobalSection(SolutionProperties) = preSolution
		HideSolutionNode = FALSE
	EndGlobalSection
	GlobalSection(ExtensibilityGlobals) = postSolution
		SolutionGuid = {22B64AF2-EDAB-490F-82C4-3F41D9942B97}
	EndGlobalSection
EndGlobal
